
Microsoft Visual Studio Solution File, Format Version 12.00
# Visual Studio Version 17
VisualStudioVersion = 17.0.31903.59
MinimumVisualStudioVersion = 10.0.40219.1
Project("{FAE04EC0-301F-11D3-BF4B-00C04F79EFBC}") = "Pure.RelationalSchema.Abstractions.OpenAPI.Schema", "Pure.RelationalSchema.Abstractions.OpenAPI.Schema\Pure.RelationalSchema.Abstractions.OpenAPI.Schema.csproj", "{921EE40D-E9CA-4F51-8A57-B90C814187F1}"
EndProject
Project("{2150E333-8FDC-42A3-9474-1A3956D46DE8}") = "Tests", "Tests", "{B804EF40-98EA-46FD-A64A-4186FB1375A7}"
EndProject
Project("{FAE04EC0-301F-11D3-BF4B-00C04F79EFBC}") = "Pure.RelationalSchema.Abstractions.OpenAPI.Schema.Tests", "Tests\Pure.RelationalSchema.Abstractions.OpenAPI.Schema.Tests\Pure.RelationalSchema.Abstractions.OpenAPI.Schema.Tests.csproj", "{AF96C95B-4490-4C86-AA2C-BDDE50E41268}"
EndProject
Global
	GlobalSection(SolutionConfigurationPlatforms) = preSolution
		Debug|Any CPU = Debug|Any CPU
		Release|Any CPU = Release|Any CPU
	EndGlobalSection
	GlobalSection(SolutionProperties) = preSolution
		HideSolutionNode = FALSE
	EndGlobalSection
	GlobalSection(ProjectConfigurationPlatforms) = postSolution
		{921EE40D-E9CA-4F51-8A57-B90C814187F1}.Debug|Any CPU.ActiveCfg = Debug|Any CPU
		{921EE40D-E9CA-4F51-8A57-B90C814187F1}.Debug|Any CPU.Build.0 = Debug|Any CPU
		{921EE40D-E9CA-4F51-8A57-B90C814187F1}.Release|Any CPU.ActiveCfg = Release|Any CPU
		{921EE40D-E9CA-4F51-8A57-B90C814187F1}.Release|Any CPU.Build.0 = Release|Any CPU
		{AF96C95B-4490-4C86-AA2C-BDDE50E41268}.Debug|Any CPU.ActiveCfg = Debug|Any CPU
		{AF96C95B-4490-4C86-AA2C-BDDE50E41268}.Debug|Any CPU.Build.0 = Debug|Any CPU
		{AF96C95B-4490-4C86-AA2C-BDDE50E41268}.Release|Any CPU.ActiveCfg = Release|Any CPU
		{AF96C95B-4490-4C86-AA2C-BDDE50E41268}.Release|Any CPU.Build.0 = Release|Any CPU
	EndGlobalSection
	GlobalSection(NestedProjects) = preSolution
		{AF96C95B-4490-4C86-AA2C-BDDE50E41268} = {B804EF40-98EA-46FD-A64A-4186FB1375A7}
	EndGlobalSection
EndGlobal
